
Microsoft Visual Studio Solution File, Format Version 12.00
# Visual Studio Version 17
VisualStudioVersion = 17.8.34322.80
MinimumVisualStudioVersion = 10.0.40219.1
Project("{FAE04EC0-301F-11D3-BF4B-00C04F79EFBC}") = "HeatLossCalc", "HeatLossCalc.csproj", "{48B29BB2-E7D9-4AA3-8692-0959230753E9}"
EndProject
Global
	GlobalSection(SolutionConfigurationPlatforms) = preSolution
		Build-R19|Any CPU = Build-R19|Any CPU
		Build-R22|Any CPU = Build-R22|Any CPU
	EndGlobalSection
	GlobalSection(ProjectConfigurationPlatforms) = postSolution
		{48B29BB2-E7D9-4AA3-8692-0959230753E9}.Build-R19|Any CPU.ActiveCfg = Build-R19|Any CPU
		{48B29BB2-E7D9-4AA3-8692-0959230753E9}.Build-R19|Any CPU.Build.0 = Build-R19|Any CPU
		{48B29BB2-E7D9-4AA3-8692-0959230753E9}.Build-R22|Any CPU.ActiveCfg = Build-R22|Any CPU
		{48B29BB2-E7D9-4AA3-8692-0959230753E9}.Build-R22|Any CPU.Build.0 = Build-R22|Any CPU
	EndGlobalSection
	GlobalSection(SolutionProperties) = preSolution
		HideSolutionNode = FALSE
	EndGlobalSection
	GlobalSection(ExtensibilityGlobals) = postSolution
		SolutionGuid = {6C20B82F-A7DC-49F6-8EA0-69D8E421CE63}
	EndGlobalSection
EndGlobal
